PODS:
  - Charts (3.5.0):
    - Charts/Core (= 3.5.0)
  - Charts/Core (3.5.0)
  - GoogleWebRTC (1.1.29400)
  - LibTorch (1.5.0):
    - LibTorch/Core (= 1.5.0)
  - LibTorch/Core (1.5.0):
    - LibTorch/Torch
  - LibTorch/Torch (1.5.0)
  - OHHTTPStubs/Core (9.0.0)
  - OHHTTPStubs/Default (9.0.0):
    - OHHTTPStubs/Core
    - OHHTTPStubs/JSON
    - OHHTTPStubs/NSURLSession
    - OHHTTPStubs/OHPathHelpers
  - OHHTTPStubs/JSON (9.0.0):
    - OHHTTPStubs/Core
  - OHHTTPStubs/NSURLSession (9.0.0):
    - OHHTTPStubs/Core
  - OHHTTPStubs/OHPathHelpers (9.0.0)
  - OHHTTPStubs/Swift (9.0.0):
    - OHHTTPStubs/Default
  - SwiftLint (0.38.2)
  - SwiftProtobuf (1.8.0)
  - SwiftSyft (0.1.0):
    - GoogleWebRTC (~> 1.1.0)
    - LibTorch (~> 1.5.0)
    - SyftProto (= 0.4.4)
  - SwiftSyft/Tests (0.1.0):
    - GoogleWebRTC (~> 1.1.0)
    - LibTorch (~> 1.5.0)
    - OHHTTPStubs/Swift
    - SyftProto (= 0.4.4)
  - SyftProto (0.4.4):
    - SwiftProtobuf (~> 1.8.0)

DEPENDENCIES:
  - Charts
  - SwiftLint (~> 0.38.0)
  - SwiftSyft (from `.`)
  - SwiftSyft/Tests (from `.`)

SPEC REPOS:
  https://github.com/CocoaPods/Specs.git:
    - Charts
    - GoogleWebRTC
    - LibTorch
    - OHHTTPStubs
    - SwiftLint
    - SwiftProtobuf
    - SyftProto

EXTERNAL SOURCES:
  SwiftSyft:
    :path: "."

SPEC CHECKSUMS:
  Charts: 40a08591df1f8ad5c223ddedfb1a06da92f24f7c
  GoogleWebRTC: cfb83bc346435a17fe06bb05f04ad826b858a7fb
  LibTorch: 6752ffb58ea396b672a2df6f14970bdbc7219de4
  OHHTTPStubs: cb29d2a9d09a828ecb93349a2b0c64f99e0db89f
  SwiftLint: 8f5d2f903e1c9bcbc832fd16771e80a263ac6cbb
  SwiftProtobuf: 2cbd9409689b7df170d82a92a33443c8e3e14a70
  SwiftSyft: 2d16398447df31a93319986aae68bae0e349b351
  SyftProto: e99313e9fbc4d94d456dcef7ca967254ebf5155e

PODFILE CHECKSUM: c230b5a22b496f49d6d35334a75d3894e9b16f70

COCOAPODS: 1.9.3
