PODS:
  - Charts (3.5.0):
    - Charts/Core (= 3.5.0)
  - Charts/Core (3.5.0)
  - GoogleWebRTC (1.1.29400)
  - LibTorch (1.6.1):
    - LibTorch/Core (= 1.6.1)
  - LibTorch/Core (1.6.1):
    - LibTorch/Torch
  - LibTorch/Torch (1.6.1)
  - OHHTTPStubs/Core (9.0.0)
  - OHHTTPStubs/Default (9.0.0):
    - OHHTTPStubs/Core
    - OHHTTPStubs/JSON
    - OHHTTPStubs/NSURLSession
    - OHHTTPStubs/OHPathHelpers
  - OHHTTPStubs/JSON (9.0.0):
    - OHHTTPStubs/Core
  - OHHTTPStubs/NSURLSession (9.0.0):
    - OHHTTPStubs/Core
  - OHHTTPStubs/OHPathHelpers (9.0.0)
  - OHHTTPStubs/Swift (9.0.0):
    - OHHTTPStubs/Default
  - OpenMinedSwiftSyft (0.1.3-beta2):
    - GoogleWebRTC (~> 1.1.0)
    - LibTorch (~> 1.6.1)
    - SyftProto (= 0.4.9)
  - OpenMinedSwiftSyft/Tests (0.1.3-beta2):
    - GoogleWebRTC (~> 1.1.0)
    - LibTorch (~> 1.6.1)
    - OHHTTPStubs/Swift
    - SyftProto (= 0.4.9)
  - SwiftLint (0.38.2)
  - SwiftProtobuf (1.8.0)
  - SyftProto (0.4.9):
    - SwiftProtobuf (~> 1.8.0)

DEPENDENCIES:
  - Charts
  - OpenMinedSwiftSyft (from `.`)
  - OpenMinedSwiftSyft/Tests (from `.`)
  - SwiftLint (~> 0.38.0)

SPEC REPOS:
  https://github.com/CocoaPods/Specs.git:
    - Charts
    - GoogleWebRTC
    - LibTorch
    - OHHTTPStubs
    - SwiftLint
    - SwiftProtobuf
    - SyftProto

EXTERNAL SOURCES:
  OpenMinedSwiftSyft:
    :path: "."

SPEC CHECKSUMS:
  Charts: 40a08591df1f8ad5c223ddedfb1a06da92f24f7c
  GoogleWebRTC: cfb83bc346435a17fe06bb05f04ad826b858a7fb
  LibTorch: 32a83630ab5b4505f205c7e332975a2d3d6e0c55
  OHHTTPStubs: cb29d2a9d09a828ecb93349a2b0c64f99e0db89f
  OpenMinedSwiftSyft: 763cce92a26eecfa98e1598716e8507cab1e413a
  SwiftLint: 8f5d2f903e1c9bcbc832fd16771e80a263ac6cbb
  SwiftProtobuf: 2cbd9409689b7df170d82a92a33443c8e3e14a70
  SyftProto: da02767fd695d222748d6bdf78ff7ddbe7b1982f

PODFILE CHECKSUM: ad6914eeb1414d2ea9b40618b50302224d89eacb

COCOAPODS: 1.9.3
