// !$*UTF8*$!
{
	archiveVersion = 1;
	classes = {
	};
	objectVersion = 50;
	objects = {

/* Begin PBXBuildFile section */
		BE2D78E2246556A500CBCC9A /* AppDelegate.swift in Sources */ = {isa = PBXBuildFile; fileRef = BE2D78E1246556A500CBCC9A /* AppDelegate.swift */; };
		BE2D78E4246556A500CBCC9A /* SceneDelegate.swift in Sources */ = {isa = PBXBuildFile; fileRef = BE2D78E3246556A500CBCC9A /* SceneDelegate.swift */; };
		BE2D78E6246556A500CBCC9A /* ViewController.swift in Sources */ = {isa = PBXBuildFile; fileRef = BE2D78E5246556A500CBCC9A /* ViewController.swift */; };
		BE2D78E9246556A500CBCC9A /* Main.storyboard in Resources */ = {isa = PBXBuildFile; fileRef = BE2D78E7246556A500CBCC9A /* Main.storyboard */; };
		BE2D78EB246556A700CBCC9A /* Assets.xcassets in Resources */ = {isa = PBXBuildFile; fileRef = BE2D78EA246556A700CBCC9A /* Assets.xcassets */; };
		BE2D78EE246556A700CBCC9A /* LaunchScreen.storyboard in Resources */ = {isa = PBXBuildFile; fileRef = BE2D78EC246556A700CBCC9A /* LaunchScreen.storyboard */; };
/* End PBXBuildFile section */

/* Begin PBXFileReference section */
		BE2D78DE246556A500CBCC9A /* SwiftSyft-Background.app */ = {isa = PBXFileReference; explicitFileType = wrapper.application; includeInIndex = 0; path = "SwiftSyft-Background.app"; sourceTree = BUILT_PRODUCTS_DIR; };
		BE2D78E1246556A500CBCC9A /* AppDelegate.swift */ = {isa = PBXFileReference; lastKnownFileType = sourcecode.swift; path = AppDelegate.swift; sourceTree = "<group>"; };
		BE2D78E3246556A500CBCC9A /* SceneDelegate.swift */ = {isa = PBXFileReference; lastKnownFileType = sourcecode.swift; path = SceneDelegate.swift; sourceTree = "<group>"; };
		BE2D78E5246556A500CBCC9A /* ViewController.swift */ = {isa = PBXFileReference; lastKnownFileType = sourcecode.swift; path = ViewController.swift; sourceTree = "<group>"; };
		BE2D78E8246556A500CBCC9A /* Base */ = {isa = PBXFileReference; lastKnownFileType = file.storyboard; name = Base; path = Base.lproj/Main.storyboard; sourceTree = "<group>"; };
		BE2D78EA246556A700CBCC9A /* Assets.xcassets */ = {isa = PBXFileReference; lastKnownFileType = folder.assetcatalog; path = Assets.xcassets; sourceTree = "<group>"; };
		BE2D78ED246556A700CBCC9A /* Base */ = {isa = PBXFileReference; lastKnownFileType = file.storyboard; name = Base; path = Base.lproj/LaunchScreen.storyboard; sourceTree = "<group>"; };
		BE2D78EF246556A700CBCC9A /* Info.plist */ = {isa = PBXFileReference; lastKnownFileType = text.plist.xml; path = Info.plist; sourceTree = "<group>"; };
/* End PBXFileReference section */

/* Begin PBXFrameworksBuildPhase section */
		BE2D78DB246556A500CBCC9A /* Frameworks */ = {
			isa = PBXFrameworksBuildPhase;
			buildActionMask = 2147483647;
			files = (
			);
			runOnlyForDeploymentPostprocessing = 0;
		};
/* End PBXFrameworksBuildPhase section */

/* Begin PBXGroup section */
		BE2D78D5246556A500CBCC9A = {
			isa = PBXGroup;
			children = (
				BE2D78E0246556A500CBCC9A /* SwiftSyft-Background */,
				BE2D78DF246556A500CBCC9A /* Products */,
			);
			sourceTree = "<group>";
		};
		BE2D78DF246556A500CBCC9A /* Products */ = {
			isa = PBXGroup;
			children = (
				BE2D78DE246556A500CBCC9A /* SwiftSyft-Background.app */,
			);
			name = Products;
			sourceTree = "<group>";
		};
		BE2D78E0246556A500CBCC9A /* SwiftSyft-Background */ = {
			isa = PBXGroup;
			children = (
				BE2D78E1246556A500CBCC9A /* AppDelegate.swift */,
				BE2D78E3246556A500CBCC9A /* SceneDelegate.swift */,
				BE2D78E5246556A500CBCC9A /* ViewController.swift */,
				BE2D78E7246556A500CBCC9A /* Main.storyboard */,
				BE2D78EA246556A700CBCC9A /* Assets.xcassets */,
				BE2D78EC246556A700CBCC9A /* LaunchScreen.storyboard */,
				BE2D78EF246556A700CBCC9A /* Info.plist */,
			);
			path = "SwiftSyft-Background";
			sourceTree = "<group>";
		};
/* End PBXGroup section */

/* Begin PBXNativeTarget section */
		BE2D78DD246556A500CBCC9A /* SwiftSyft-Background */ = {
			isa = PBXNativeTarget;
			buildConfigurationList = BE2D78F2246556A700CBCC9A /* Build configuration list for PBXNativeTarget "SwiftSyft-Background" */;
			buildPhases = (
				BE2D78DA246556A500CBCC9A /* Sources */,
				BE2D78DB246556A500CBCC9A /* Frameworks */,
				BE2D78DC246556A500CBCC9A /* Resources */,
			);
			buildRules = (
			);
			dependencies = (
			);
			name = "SwiftSyft-Background";
			productName = "SwiftSyft-Background";
			productReference = BE2D78DE246556A500CBCC9A /* SwiftSyft-Background.app */;
			productType = "com.apple.product-type.application";
		};
/* End PBXNativeTarget section */

/* Begin PBXProject section */
		BE2D78D6246556A500CBCC9A /* Project object */ = {
			isa = PBXProject;
			attributes = {
				LastSwiftUpdateCheck = 1130;
				LastUpgradeCheck = 1130;
				ORGANIZATIONNAME = OpenMined;
				TargetAttributes = {
					BE2D78DD246556A500CBCC9A = {
						CreatedOnToolsVersion = 11.3;
					};
				};
			};
			buildConfigurationList = BE2D78D9246556A500CBCC9A /* Build configuration list for PBXProject "SwiftSyft-Background" */;
			compatibilityVersion = "Xcode 9.3";
			developmentRegion = en;
			hasScannedForEncodings = 0;
			knownRegions = (
				en,
				Base,
			);
			mainGroup = BE2D78D5246556A500CBCC9A;
			productRefGroup = BE2D78DF246556A500CBCC9A /* Products */;
			projectDirPath = "";
			projectRoot = "";
			targets = (
				BE2D78DD246556A500CBCC9A /* SwiftSyft-Background */,
			);
		};
/* End PBXProject section */

/* Begin PBXResourcesBuildPhase section */
		BE2D78DC246556A500CBCC9A /* Resources */ = {
			isa = PBXResourcesBuildPhase;
			buildActionMask = 2147483647;
			files = (
				BE2D78EE246556A700CBCC9A /* LaunchScreen.storyboard in Resources */,
				BE2D78EB246556A700CBCC9A /* Assets.xcassets in Resources */,
				BE2D78E9246556A500CBCC9A /* Main.storyboard in Resources */,
			);
			runOnlyForDeploymentPostprocessing = 0;
		};
/* End PBXResourcesBuildPhase section */

/* Begin PBXSourcesBuildPhase section */
		BE2D78DA246556A500CBCC9A /* Sources */ = {
			isa = PBXSourcesBuildPhase;
			buildActionMask = 2147483647;
			files = (
				BE2D78E6246556A500CBCC9A /* ViewController.swift in Sources */,
				BE2D78E2246556A500CBCC9A /* AppDelegate.swift in Sources */,
				BE2D78E4246556A500CBCC9A /* SceneDelegate.swift in Sources */,
			);
			runOnlyForDeploymentPostprocessing = 0;
		};
/* End PBXSourcesBuildPhase section */

/* Begin PBXVariantGroup section */
		BE2D78E7246556A500CBCC9A /* Main.storyboard */ = {
			isa = PBXVariantGroup;
			children = (
				BE2D78E8246556A500CBCC9A /* Base */,
			);
			name = Main.storyboard;
			sourceTree = "<group>";
		};
		BE2D78EC246556A700CBCC9A /* LaunchScreen.storyboard */ = {
			isa = PBXVariantGroup;
			children = (
				BE2D78ED246556A700CBCC9A /* Base */,
			);
			name = LaunchScreen.storyboard;
			sourceTree = "<group>";
		};
/* End PBXVariantGroup section */

/* Begin XCBuildConfiguration section */
		BE2D78F0246556A700CBCC9A /* Debug */ = {
			isa = XCBuildConfiguration;
			buildSettings = {
				ALWAYS_SEARCH_USER_PATHS = NO;
				CLANG_ANALYZER_NONNULL = YES;
				CLANG_ANALYZER_NUMBER_OBJECT_CONVERSION = YES_AGGRESSIVE;
				CLANG_CXX_LANGUAGE_STANDARD = "gnu++14";
				CLANG_CXX_LIBRARY = "libc++";
				CLANG_ENABLE_MODULES = YES;
				CLANG_ENABLE_OBJC_ARC = YES;
				CLANG_ENABLE_OBJC_WEAK = YES;
				CLANG_WARN_BLOCK_CAPTURE_AUTORELEASING = YES;
				CLANG_WARN_BOOL_CONVERSION = YES;
				CLANG_WARN_COMMA = YES;
				CLANG_WARN_CONSTANT_CONVERSION = YES;
				CLANG_WARN_DEPRECATED_OBJC_IMPLEMENTATIONS = YES;
				CLANG_WARN_DIRECT_OBJC_ISA_USAGE = YES_ERROR;
				CLANG_WARN_DOCUMENTATION_COMMENTS = YES;
				CLANG_WARN_EMPTY_BODY = YES;
				CLANG_WARN_ENUM_CONVERSION = YES;
				CLANG_WARN_INFINITE_RECURSION = YES;
				CLANG_WARN_INT_CONVERSION = YES;
				CLANG_WARN_NON_LITERAL_NULL_CONVERSION = YES;
				CLANG_WARN_OBJC_IMPLICIT_RETAIN_SELF = YES;
				CLANG_WARN_OBJC_LITERAL_CONVERSION = YES;
				CLANG_WARN_OBJC_ROOT_CLASS = YES_ERROR;
				CLANG_WARN_RANGE_LOOP_ANALYSIS = YES;
				CLANG_WARN_STRICT_PROTOTYPES = YES;
				CLANG_WARN_SUSPICIOUS_MOVE = YES;
				CLANG_WARN_UNGUARDED_AVAILABILITY = YES_AGGRESSIVE;
				CLANG_WARN_UNREACHABLE_CODE = YES;
				CLANG_WARN__DUPLICATE_METHOD_MATCH = YES;
				COPY_PHASE_STRIP = NO;
				DEBUG_INFORMATION_FORMAT = dwarf;
				ENABLE_STRICT_OBJC_MSGSEND = YES;
				ENABLE_TESTABILITY = YES;
				GCC_C_LANGUAGE_STANDARD = gnu11;
				GCC_DYNAMIC_NO_PIC = NO;
				GCC_NO_COMMON_BLOCKS = YES;
				GCC_OPTIMIZATION_LEVEL = 0;
				GCC_PREPROCESSOR_DEFINITIONS = (
					"DEBUG=1",
					"$(inherited)",
				);
				GCC_WARN_64_TO_32_BIT_CONVERSION = YES;
				GCC_WARN_ABOUT_RETURN_TYPE = YES_ERROR;
				GCC_WARN_UNDECLARED_SELECTOR = YES;
				GCC_WARN_UNINITIALIZED_AUTOS = YES_AGGRESSIVE;
				GCC_WARN_UNUSED_FUNCTION = YES;
				GCC_WARN_UNUSED_VARIABLE = YES;
				IPHONEOS_DEPLOYMENT_TARGET = 13.2;
				MTL_ENABLE_DEBUG_INFO = INCLUDE_SOURCE;
				MTL_FAST_MATH = YES;
				ONLY_ACTIVE_ARCH = YES;
				SDKROOT = iphoneos;
				SWIFT_ACTIVE_COMPILATION_CONDITIONS = DEBUG;
				SWIFT_OPTIMIZATION_LEVEL = "-Onone";
			};
			name = Debug;
		};
		BE2D78F1246556A700CBCC9A /* Release */ = {
			isa = XCBuildConfiguration;
			buildSettings = {
				ALWAYS_SEARCH_USER_PATHS = NO;
				CLANG_ANALYZER_NONNULL = YES;
				CLANG_ANALYZER_NUMBER_OBJECT_CONVERSION = YES_AGGRESSIVE;
				CLANG_CXX_LANGUAGE_STANDARD = "gnu++14";
				CLANG_CXX_LIBRARY = "libc++";
				CLANG_ENABLE_MODULES = YES;
				CLANG_ENABLE_OBJC_ARC = YES;
				CLANG_ENABLE_OBJC_WEAK = YES;
				CLANG_WARN_BLOCK_CAPTURE_AUTORELEASING = YES;
				CLANG_WARN_BOOL_CONVERSION = YES;
				CLANG_WARN_COMMA = YES;
				CLANG_WARN_CONSTANT_CONVERSION = YES;
				CLANG_WARN_DEPRECATED_OBJC_IMPLEMENTATIONS = YES;
				CLANG_WARN_DIRECT_OBJC_ISA_USAGE = YES_ERROR;
				CLANG_WARN_DOCUMENTATION_COMMENTS = YES;
				CLANG_WARN_EMPTY_BODY = YES;
				CLANG_WARN_ENUM_CONVERSION = YES;
				CLANG_WARN_INFINITE_RECURSION = YES;
				CLANG_WARN_INT_CONVERSION = YES;
				CLANG_WARN_NON_LITERAL_NULL_CONVERSION = YES;
				CLANG_WARN_OBJC_IMPLICIT_RETAIN_SELF = YES;
				CLANG_WARN_OBJC_LITERAL_CONVERSION = YES;
				CLANG_WARN_OBJC_ROOT_CLASS = YES_ERROR;
				CLANG_WARN_RANGE_LOOP_ANALYSIS = YES;
				CLANG_WARN_STRICT_PROTOTYPES = YES;
				CLANG_WARN_SUSPICIOUS_MOVE = YES;
				CLANG_WARN_UNGUARDED_AVAILABILITY = YES_AGGRESSIVE;
				CLANG_WARN_UNREACHABLE_CODE = YES;
				CLANG_WARN__DUPLICATE_METHOD_MATCH = YES;
				COPY_PHASE_STRIP = NO;
				DEBUG_INFORMATION_FORMAT = "dwarf-with-dsym";
				ENABLE_NS_ASSERTIONS = NO;
				ENABLE_STRICT_OBJC_MSGSEND = YES;
				GCC_C_LANGUAGE_STANDARD = gnu11;
				GCC_NO_COMMON_BLOCKS = YES;
				GCC_WARN_64_TO_32_BIT_CONVERSION = YES;
				GCC_WARN_ABOUT_RETURN_TYPE = YES_ERROR;
				GCC_WARN_UNDECLARED_SELECTOR = YES;
				GCC_WARN_UNINITIALIZED_AUTOS = YES_AGGRESSIVE;
				GCC_WARN_UNUSED_FUNCTION = YES;
				GCC_WARN_UNUSED_VARIABLE = YES;
				IPHONEOS_DEPLOYMENT_TARGET = 13.2;
				MTL_ENABLE_DEBUG_INFO = NO;
				MTL_FAST_MATH = YES;
				SDKROOT = iphoneos;
				SWIFT_COMPILATION_MODE = wholemodule;
				SWIFT_OPTIMIZATION_LEVEL = "-O";
				VALIDATE_PRODUCT = YES;
			};
			name = Release;
		};
		BE2D78F3246556A700CBCC9A /* Debug */ = {
			isa = XCBuildConfiguration;
			buildSettings = {
				ASSETCATALOG_COMPILER_APPICON_NAME = AppIcon;
				CODE_SIGN_STYLE = Automatic;
				DEVELOPMENT_TEAM = L937FJ9Y4F;
				INFOPLIST_FILE = "SwiftSyft-Background/Info.plist";
				LD_RUNPATH_SEARCH_PATHS = (
					"$(inherited)",
					"@executable_path/Frameworks",
				);
				PRODUCT_BUNDLE_IDENTIFIER = "com.openmined.SwiftSyft-Background";
				PRODUCT_NAME = "$(TARGET_NAME)";
				SWIFT_VERSION = 5.0;
				TARGETED_DEVICE_FAMILY = "1,2";
			};
			name = Debug;
		};
		BE2D78F4246556A700CBCC9A /* Release */ = {
			isa = XCBuildConfiguration;
			buildSettings = {
				ASSETCATALOG_COMPILER_APPICON_NAME = AppIcon;
				CODE_SIGN_STYLE = Automatic;
				DEVELOPMENT_TEAM = L937FJ9Y4F;
				INFOPLIST_FILE = "SwiftSyft-Background/Info.plist";
				LD_RUNPATH_SEARCH_PATHS = (
					"$(inherited)",
					"@executable_path/Frameworks",
				);
				PRODUCT_BUNDLE_IDENTIFIER = "com.openmined.SwiftSyft-Background";
				PRODUCT_NAME = "$(TARGET_NAME)";
				SWIFT_VERSION = 5.0;
				TARGETED_DEVICE_FAMILY = "1,2";
			};
			name = Release;
		};
/* End XCBuildConfiguration section */

/* Begin XCConfigurationList section */
		BE2D78D9246556A500CBCC9A /* Build configuration list for PBXProject "SwiftSyft-Background" */ = {
			isa = XCConfigurationList;
			buildConfigurations = (
				BE2D78F0246556A700CBCC9A /* Debug */,
				BE2D78F1246556A700CBCC9A /* Release */,
			);
			defaultConfigurationIsVisible = 0;
			defaultConfigurationName = Release;
		};
		BE2D78F2246556A700CBCC9A /* Build configuration list for PBXNativeTarget "SwiftSyft-Background" */ = {
			isa = XCConfigurationList;
			buildConfigurations = (
				BE2D78F3246556A700CBCC9A /* Debug */,
				BE2D78F4246556A700CBCC9A /* Release */,
			);
			defaultConfigurationIsVisible = 0;
			defaultConfigurationName = Release;
		};
/* End XCConfigurationList section */
	};
	rootObject = BE2D78D6246556A500CBCC9A /* Project object */;
}
