// !$*UTF8*$!
{
	archiveVersion = 1;
	classes = {
	};
	objectVersion = 51;
	objects = {

/* Begin PBXBuildFile section */
		BE2D78E2246556A500CBCC9A /* AppDelegate.swift in Sources */ = {isa = PBXBuildFile; fileRef = BE2D78E1246556A500CBCC9A /* AppDelegate.swift */; };
		BE2D78E4246556A500CBCC9A /* SceneDelegate.swift in Sources */ = {isa = PBXBuildFile; fileRef = BE2D78E3246556A500CBCC9A /* SceneDelegate.swift */; };
		BE2D78E6246556A500CBCC9A /* ViewController.swift in Sources */ = {isa = PBXBuildFile; fileRef = BE2D78E5246556A500CBCC9A /* ViewController.swift */; };
		BE2D78E9246556A500CBCC9A /* Main.storyboard in Resources */ = {isa = PBXBuildFile; fileRef = BE2D78E7246556A500CBCC9A /* Main.storyboard */; };
		BE2D78EB246556A700CBCC9A /* Assets.xcassets in Resources */ = {isa = PBXBuildFile; fileRef = BE2D78EA246556A700CBCC9A /* Assets.xcassets */; };
		BE2D78EE246556A700CBCC9A /* LaunchScreen.storyboard in Resources */ = {isa = PBXBuildFile; fileRef = BE2D78EC246556A700CBCC9A /* LaunchScreen.storyboard */; };
		BEEED18D2468228E0091EEA4 /* t10k-images-idx3-ubyte in Resources */ = {isa = PBXBuildFile; fileRef = BEEED1882468228E0091EEA4 /* t10k-images-idx3-ubyte */; };
		BEEED18E2468228E0091EEA4 /* train-images-idx3-ubyte in Resources */ = {isa = PBXBuildFile; fileRef = BEEED1892468228E0091EEA4 /* train-images-idx3-ubyte */; };
		BEEED18F2468228E0091EEA4 /* train-labels-idx1-ubyte in Resources */ = {isa = PBXBuildFile; fileRef = BEEED18A2468228E0091EEA4 /* train-labels-idx1-ubyte */; };
		BEEED1902468228E0091EEA4 /* MNISTLoader.swift in Sources */ = {isa = PBXBuildFile; fileRef = BEEED18B2468228E0091EEA4 /* MNISTLoader.swift */; };
		BEEED1912468228E0091EEA4 /* t10k-labels-idx1-ubyte in Resources */ = {isa = PBXBuildFile; fileRef = BEEED18C2468228E0091EEA4 /* t10k-labels-idx1-ubyte */; };
		ED2F16AE7AA535967FA66EB5 /* libPods-SwiftSyft-Background.a in Frameworks */ = {isa = PBXBuildFile; fileRef = B0A4C8E597007DE7E58FEBB9 /* libPods-SwiftSyft-Background.a */; };
/* End PBXBuildFile section */

/* Begin PBXFileReference section */
		B0A4C8E597007DE7E58FEBB9 /* libPods-SwiftSyft-Background.a */ = {isa = PBXFileReference; explicitFileType = archive.ar; includeInIndex = 0; path = "libPods-SwiftSyft-Background.a"; sourceTree = BUILT_PRODUCTS_DIR; };
		BE2D78DE246556A500CBCC9A /* SwiftSyft-Background.app */ = {isa = PBXFileReference; explicitFileType = wrapper.application; includeInIndex = 0; path = "SwiftSyft-Background.app"; sourceTree = BUILT_PRODUCTS_DIR; };
		BE2D78E1246556A500CBCC9A /* AppDelegate.swift */ = {isa = PBXFileReference; lastKnownFileType = sourcecode.swift; path = AppDelegate.swift; sourceTree = "<group>"; };
		BE2D78E3246556A500CBCC9A /* SceneDelegate.swift */ = {isa = PBXFileReference; lastKnownFileType = sourcecode.swift; path = SceneDelegate.swift; sourceTree = "<group>"; };
		BE2D78E5246556A500CBCC9A /* ViewController.swift */ = {isa = PBXFileReference; lastKnownFileType = sourcecode.swift; path = ViewController.swift; sourceTree = "<group>"; };
		BE2D78E8246556A500CBCC9A /* Base */ = {isa = PBXFileReference; lastKnownFileType = file.storyboard; name = Base; path = Base.lproj/Main.storyboard; sourceTree = "<group>"; };
		BE2D78EA246556A700CBCC9A /* Assets.xcassets */ = {isa = PBXFileReference; lastKnownFileType = folder.assetcatalog; path = Assets.xcassets; sourceTree = "<group>"; };
		BE2D78ED246556A700CBCC9A /* Base */ = {isa = PBXFileReference; lastKnownFileType = file.storyboard; name = Base; path = Base.lproj/LaunchScreen.storyboard; sourceTree = "<group>"; };
		BE2D78EF246556A700CBCC9A /* Info.plist */ = {isa = PBXFileReference; lastKnownFileType = text.plist.xml; path = Info.plist; sourceTree = "<group>"; };
		BEEED1882468228E0091EEA4 /* t10k-images-idx3-ubyte */ = {isa = PBXFileReference; lastKnownFileType = file; name = "t10k-images-idx3-ubyte"; path = "../../../Example/SwiftSyft/t10k-images-idx3-ubyte"; sourceTree = "<group>"; };
		BEEED1892468228E0091EEA4 /* train-images-idx3-ubyte */ = {isa = PBXFileReference; lastKnownFileType = file; name = "train-images-idx3-ubyte"; path = "../../../Example/SwiftSyft/train-images-idx3-ubyte"; sourceTree = "<group>"; };
		BEEED18A2468228E0091EEA4 /* train-labels-idx1-ubyte */ = {isa = PBXFileReference; lastKnownFileType = file; name = "train-labels-idx1-ubyte"; path = "../../../Example/SwiftSyft/train-labels-idx1-ubyte"; sourceTree = "<group>"; };
		BEEED18B2468228E0091EEA4 /* MNISTLoader.swift */ = {isa = PBXFileReference; fileEncoding = 4; lastKnownFileType = sourcecode.swift; name = MNISTLoader.swift; path = ../../../Example/SwiftSyft/MNISTLoader.swift; sourceTree = "<group>"; };
		BEEED18C2468228E0091EEA4 /* t10k-labels-idx1-ubyte */ = {isa = PBXFileReference; lastKnownFileType = file; name = "t10k-labels-idx1-ubyte"; path = "../../../Example/SwiftSyft/t10k-labels-idx1-ubyte"; sourceTree = "<group>"; };
		EE87355EF82A7E3557B508E3 /* Pods-SwiftSyft-Background.release.xcconfig */ = {isa = PBXFileReference; includeInIndex = 1; lastKnownFileType = text.xcconfig; name = "Pods-SwiftSyft-Background.release.xcconfig"; path = "Target Support Files/Pods-SwiftSyft-Background/Pods-SwiftSyft-Background.release.xcconfig"; sourceTree = "<group>"; };
		FB23A710EE2A54E5A3697F64 /* Pods-SwiftSyft-Background.debug.xcconfig */ = {isa = PBXFileReference; includeInIndex = 1; lastKnownFileType = text.xcconfig; name = "Pods-SwiftSyft-Background.debug.xcconfig"; path = "Target Support Files/Pods-SwiftSyft-Background/Pods-SwiftSyft-Background.debug.xcconfig"; sourceTree = "<group>"; };
/* End PBXFileReference section */

/* Begin PBXFrameworksBuildPhase section */
		BE2D78DB246556A500CBCC9A /* Frameworks */ = {
			isa = PBXFrameworksBuildPhase;
			buildActionMask = 2147483647;
			files = (
				ED2F16AE7AA535967FA66EB5 /* libPods-SwiftSyft-Background.a in Frameworks */,
			);
			runOnlyForDeploymentPostprocessing = 0;
		};
/* End PBXFrameworksBuildPhase section */

/* Begin PBXGroup section */
		BE2D78D5246556A500CBCC9A = {
			isa = PBXGroup;
			children = (
				BE2D78E0246556A500CBCC9A /* SwiftSyft-Background */,
				BE2D78DF246556A500CBCC9A /* Products */,
				D59EC540E14E22C90B3EC753 /* Pods */,
				C8B55A352CB0C6410DC5C645 /* Frameworks */,
			);
			sourceTree = "<group>";
		};
		BE2D78DF246556A500CBCC9A /* Products */ = {
			isa = PBXGroup;
			children = (
				BE2D78DE246556A500CBCC9A /* SwiftSyft-Background.app */,
			);
			name = Products;
			sourceTree = "<group>";
		};
		BE2D78E0246556A500CBCC9A /* SwiftSyft-Background */ = {
			isa = PBXGroup;
			children = (
				BEEED1872468227E0091EEA4 /* MNIST */,
				BE2D78E1246556A500CBCC9A /* AppDelegate.swift */,
				BE2D78E3246556A500CBCC9A /* SceneDelegate.swift */,
				BE2D78E5246556A500CBCC9A /* ViewController.swift */,
				BE2D78E7246556A500CBCC9A /* Main.storyboard */,
				BE2D78EA246556A700CBCC9A /* Assets.xcassets */,
				BE2D78EC246556A700CBCC9A /* LaunchScreen.storyboard */,
				BE2D78EF246556A700CBCC9A /* Info.plist */,
			);
			path = "SwiftSyft-Background";
			sourceTree = "<group>";
		};
		BEEED1872468227E0091EEA4 /* MNIST */ = {
			isa = PBXGroup;
			children = (
				BEEED18B2468228E0091EEA4 /* MNISTLoader.swift */,
				BEEED1882468228E0091EEA4 /* t10k-images-idx3-ubyte */,
				BEEED18C2468228E0091EEA4 /* t10k-labels-idx1-ubyte */,
				BEEED1892468228E0091EEA4 /* train-images-idx3-ubyte */,
				BEEED18A2468228E0091EEA4 /* train-labels-idx1-ubyte */,
			);
			path = MNIST;
			sourceTree = "<group>";
		};
		C8B55A352CB0C6410DC5C645 /* Frameworks */ = {
			isa = PBXGroup;
			children = (
				B0A4C8E597007DE7E58FEBB9 /* libPods-SwiftSyft-Background.a */,
			);
			name = Frameworks;
			sourceTree = "<group>";
		};
		D59EC540E14E22C90B3EC753 /* Pods */ = {
			isa = PBXGroup;
			children = (
				FB23A710EE2A54E5A3697F64 /* Pods-SwiftSyft-Background.debug.xcconfig */,
				EE87355EF82A7E3557B508E3 /* Pods-SwiftSyft-Background.release.xcconfig */,
			);
			name = Pods;
			path = ../Pods;
			sourceTree = "<group>";
		};
/* End PBXGroup section */

/* Begin PBXNativeTarget section */
		BE2D78DD246556A500CBCC9A /* SwiftSyft-Background */ = {
			isa = PBXNativeTarget;
			buildConfigurationList = BE2D78F2246556A700CBCC9A /* Build configuration list for PBXNativeTarget "SwiftSyft-Background" */;
			buildPhases = (
				D4440E0B96E634BD6C7BB24F /* [CP] Check Pods Manifest.lock */,
				BE2D78DA246556A500CBCC9A /* Sources */,
				BE2D78DB246556A500CBCC9A /* Frameworks */,
				BE2D78DC246556A500CBCC9A /* Resources */,
				81525026492747433F366230 /* [CP] Embed Pods Frameworks */,
			);
			buildRules = (
			);
			dependencies = (
			);
			name = "SwiftSyft-Background";
			productName = "SwiftSyft-Background";
			productReference = BE2D78DE246556A500CBCC9A /* SwiftSyft-Background.app */;
			productType = "com.apple.product-type.application";
		};
/* End PBXNativeTarget section */

/* Begin PBXProject section */
		BE2D78D6246556A500CBCC9A /* Project object */ = {
			isa = PBXProject;
			attributes = {
				LastSwiftUpdateCheck = 1130;
				LastUpgradeCheck = 1130;
				ORGANIZATIONNAME = OpenMined;
				TargetAttributes = {
					BE2D78DD246556A500CBCC9A = {
						CreatedOnToolsVersion = 11.3;
					};
				};
			};
			buildConfigurationList = BE2D78D9246556A500CBCC9A /* Build configuration list for PBXProject "SwiftSyft-Background" */;
			compatibilityVersion = "Xcode 9.3";
			developmentRegion = en;
			hasScannedForEncodings = 0;
			knownRegions = (
				en,
				Base,
			);
			mainGroup = BE2D78D5246556A500CBCC9A;
			productRefGroup = BE2D78DF246556A500CBCC9A /* Products */;
			projectDirPath = "";
			projectRoot = "";
			targets = (
				BE2D78DD246556A500CBCC9A /* SwiftSyft-Background */,
			);
		};
/* End PBXProject section */

/* Begin PBXResourcesBuildPhase section */
		BE2D78DC246556A500CBCC9A /* Resources */ = {
			isa = PBXResourcesBuildPhase;
			buildActionMask = 2147483647;
			files = (
				BEEED18D2468228E0091EEA4 /* t10k-images-idx3-ubyte in Resources */,
				BEEED1912468228E0091EEA4 /* t10k-labels-idx1-ubyte in Resources */,
				BE2D78EE246556A700CBCC9A /* LaunchScreen.storyboard in Resources */,
				BE2D78EB246556A700CBCC9A /* Assets.xcassets in Resources */,
				BEEED18E2468228E0091EEA4 /* train-images-idx3-ubyte in Resources */,
				BEEED18F2468228E0091EEA4 /* train-labels-idx1-ubyte in Resources */,
				BE2D78E9246556A500CBCC9A /* Main.storyboard in Resources */,
			);
			runOnlyForDeploymentPostprocessing = 0;
		};
/* End PBXResourcesBuildPhase section */

/* Begin PBXShellScriptBuildPhase section */
		81525026492747433F366230 /* [CP] Embed Pods Frameworks */ = {
			isa = PBXShellScriptBuildPhase;
			buildActionMask = 2147483647;
			files = (
			);
			inputFileListPaths = (
				"${PODS_ROOT}/Target Support Files/Pods-SwiftSyft-Background/Pods-SwiftSyft-Background-frameworks-${CONFIGURATION}-input-files.xcfilelist",
			);
			name = "[CP] Embed Pods Frameworks";
			outputFileListPaths = (
				"${PODS_ROOT}/Target Support Files/Pods-SwiftSyft-Background/Pods-SwiftSyft-Background-frameworks-${CONFIGURATION}-output-files.xcfilelist",
			);
			runOnlyForDeploymentPostprocessing = 0;
			shellPath = /bin/sh;
			shellScript = "\"${PODS_ROOT}/Target Support Files/Pods-SwiftSyft-Background/Pods-SwiftSyft-Background-frameworks.sh\"\n";
			showEnvVarsInLog = 0;
		};
		D4440E0B96E634BD6C7BB24F /* [CP] Check Pods Manifest.lock */ = {
			isa = PBXShellScriptBuildPhase;
			buildActionMask = 2147483647;
			files = (
			);
			inputFileListPaths = (
			);
			inputPaths = (
				"${PODS_PODFILE_DIR_PATH}/Podfile.lock",
				"${PODS_ROOT}/Manifest.lock",
			);
			name = "[CP] Check Pods Manifest.lock";
			outputFileListPaths = (
			);
			outputPaths = (
				"$(DERIVED_FILE_DIR)/Pods-SwiftSyft-Background-checkManifestLockResult.txt",
			);
			runOnlyForDeploymentPostprocessing = 0;
			shellPath = /bin/sh;
			shellScript = "diff \"${PODS_PODFILE_DIR_PATH}/Podfile.lock\" \"${PODS_ROOT}/Manifest.lock\" > /dev/null\nif [ $? != 0 ] ; then\n    # print error to STDERR\n    echo \"error: The sandbox is not in sync with the Podfile.lock. Run 'pod install' or update your CocoaPods installation.\" >&2\n    exit 1\nfi\n# This output is used by Xcode 'outputs' to avoid re-running this script phase.\necho \"SUCCESS\" > \"${SCRIPT_OUTPUT_FILE_0}\"\n";
			showEnvVarsInLog = 0;
		};
/* End PBXShellScriptBuildPhase section */

/* Begin PBXSourcesBuildPhase section */
		BE2D78DA246556A500CBCC9A /* Sources */ = {
			isa = PBXSourcesBuildPhase;
			buildActionMask = 2147483647;
			files = (
				BE2D78E6246556A500CBCC9A /* ViewController.swift in Sources */,
				BE2D78E2246556A500CBCC9A /* AppDelegate.swift in Sources */,
				BEEED1902468228E0091EEA4 /* MNISTLoader.swift in Sources */,
				BE2D78E4246556A500CBCC9A /* SceneDelegate.swift in Sources */,
			);
			runOnlyForDeploymentPostprocessing = 0;
		};
/* End PBXSourcesBuildPhase section */

/* Begin PBXVariantGroup section */
		BE2D78E7246556A500CBCC9A /* Main.storyboard */ = {
			isa = PBXVariantGroup;
			children = (
				BE2D78E8246556A500CBCC9A /* Base */,
			);
			name = Main.storyboard;
			sourceTree = "<group>";
		};
		BE2D78EC246556A700CBCC9A /* LaunchScreen.storyboard */ = {
			isa = PBXVariantGroup;
			children = (
				BE2D78ED246556A700CBCC9A /* Base */,
			);
			name = LaunchScreen.storyboard;
			sourceTree = "<group>";
		};
/* End PBXVariantGroup section */

/* Begin XCBuildConfiguration section */
		BE2D78F0246556A700CBCC9A /* Debug */ = {
			isa = XCBuildConfiguration;
			buildSettings = {
				ALWAYS_SEARCH_USER_PATHS = NO;
				CLANG_ANALYZER_NONNULL = YES;
				CLANG_ANALYZER_NUMBER_OBJECT_CONVERSION = YES_AGGRESSIVE;
				CLANG_CXX_LANGUAGE_STANDARD = "gnu++14";
				CLANG_CXX_LIBRARY = "libc++";
				CLANG_ENABLE_MODULES = YES;
				CLANG_ENABLE_OBJC_ARC = YES;
				CLANG_ENABLE_OBJC_WEAK = YES;
				CLANG_WARN_BLOCK_CAPTURE_AUTORELEASING = YES;
				CLANG_WARN_BOOL_CONVERSION = YES;
				CLANG_WARN_COMMA = YES;
				CLANG_WARN_CONSTANT_CONVERSION = YES;
				CLANG_WARN_DEPRECATED_OBJC_IMPLEMENTATIONS = YES;
				CLANG_WARN_DIRECT_OBJC_ISA_USAGE = YES_ERROR;
				CLANG_WARN_DOCUMENTATION_COMMENTS = YES;
				CLANG_WARN_EMPTY_BODY = YES;
				CLANG_WARN_ENUM_CONVERSION = YES;
				CLANG_WARN_INFINITE_RECURSION = YES;
				CLANG_WARN_INT_CONVERSION = YES;
				CLANG_WARN_NON_LITERAL_NULL_CONVERSION = YES;
				CLANG_WARN_OBJC_IMPLICIT_RETAIN_SELF = YES;
				CLANG_WARN_OBJC_LITERAL_CONVERSION = YES;
				CLANG_WARN_OBJC_ROOT_CLASS = YES_ERROR;
				CLANG_WARN_RANGE_LOOP_ANALYSIS = YES;
				CLANG_WARN_STRICT_PROTOTYPES = YES;
				CLANG_WARN_SUSPICIOUS_MOVE = YES;
				CLANG_WARN_UNGUARDED_AVAILABILITY = YES_AGGRESSIVE;
				CLANG_WARN_UNREACHABLE_CODE = YES;
				CLANG_WARN__DUPLICATE_METHOD_MATCH = YES;
				COPY_PHASE_STRIP = NO;
				DEBUG_INFORMATION_FORMAT = dwarf;
				ENABLE_STRICT_OBJC_MSGSEND = YES;
				ENABLE_TESTABILITY = YES;
				GCC_C_LANGUAGE_STANDARD = gnu11;
				GCC_DYNAMIC_NO_PIC = NO;
				GCC_NO_COMMON_BLOCKS = YES;
				GCC_OPTIMIZATION_LEVEL = 0;
				GCC_PREPROCESSOR_DEFINITIONS = (
					"DEBUG=1",
					"$(inherited)",
				);
				GCC_WARN_64_TO_32_BIT_CONVERSION = YES;
				GCC_WARN_ABOUT_RETURN_TYPE = YES_ERROR;
				GCC_WARN_UNDECLARED_SELECTOR = YES;
				GCC_WARN_UNINITIALIZED_AUTOS = YES_AGGRESSIVE;
				GCC_WARN_UNUSED_FUNCTION = YES;
				GCC_WARN_UNUSED_VARIABLE = YES;
				IPHONEOS_DEPLOYMENT_TARGET = 13.2;
				MTL_ENABLE_DEBUG_INFO = INCLUDE_SOURCE;
				MTL_FAST_MATH = YES;
				ONLY_ACTIVE_ARCH = YES;
				SDKROOT = iphoneos;
				SWIFT_ACTIVE_COMPILATION_CONDITIONS = DEBUG;
				SWIFT_OPTIMIZATION_LEVEL = "-Onone";
			};
			name = Debug;
		};
		BE2D78F1246556A700CBCC9A /* Release */ = {
			isa = XCBuildConfiguration;
			buildSettings = {
				ALWAYS_SEARCH_USER_PATHS = NO;
				CLANG_ANALYZER_NONNULL = YES;
				CLANG_ANALYZER_NUMBER_OBJECT_CONVERSION = YES_AGGRESSIVE;
				CLANG_CXX_LANGUAGE_STANDARD = "gnu++14";
				CLANG_CXX_LIBRARY = "libc++";
				CLANG_ENABLE_MODULES = YES;
				CLANG_ENABLE_OBJC_ARC = YES;
				CLANG_ENABLE_OBJC_WEAK = YES;
				CLANG_WARN_BLOCK_CAPTURE_AUTORELEASING = YES;
				CLANG_WARN_BOOL_CONVERSION = YES;
				CLANG_WARN_COMMA = YES;
				CLANG_WARN_CONSTANT_CONVERSION = YES;
				CLANG_WARN_DEPRECATED_OBJC_IMPLEMENTATIONS = YES;
				CLANG_WARN_DIRECT_OBJC_ISA_USAGE = YES_ERROR;
				CLANG_WARN_DOCUMENTATION_COMMENTS = YES;
				CLANG_WARN_EMPTY_BODY = YES;
				CLANG_WARN_ENUM_CONVERSION = YES;
				CLANG_WARN_INFINITE_RECURSION = YES;
				CLANG_WARN_INT_CONVERSION = YES;
				CLANG_WARN_NON_LITERAL_NULL_CONVERSION = YES;
				CLANG_WARN_OBJC_IMPLICIT_RETAIN_SELF = YES;
				CLANG_WARN_OBJC_LITERAL_CONVERSION = YES;
				CLANG_WARN_OBJC_ROOT_CLASS = YES_ERROR;
				CLANG_WARN_RANGE_LOOP_ANALYSIS = YES;
				CLANG_WARN_STRICT_PROTOTYPES = YES;
				CLANG_WARN_SUSPICIOUS_MOVE = YES;
				CLANG_WARN_UNGUARDED_AVAILABILITY = YES_AGGRESSIVE;
				CLANG_WARN_UNREACHABLE_CODE = YES;
				CLANG_WARN__DUPLICATE_METHOD_MATCH = YES;
				COPY_PHASE_STRIP = NO;
				DEBUG_INFORMATION_FORMAT = "dwarf-with-dsym";
				ENABLE_NS_ASSERTIONS = NO;
				ENABLE_STRICT_OBJC_MSGSEND = YES;
				GCC_C_LANGUAGE_STANDARD = gnu11;
				GCC_NO_COMMON_BLOCKS = YES;
				GCC_WARN_64_TO_32_BIT_CONVERSION = YES;
				GCC_WARN_ABOUT_RETURN_TYPE = YES_ERROR;
				GCC_WARN_UNDECLARED_SELECTOR = YES;
				GCC_WARN_UNINITIALIZED_AUTOS = YES_AGGRESSIVE;
				GCC_WARN_UNUSED_FUNCTION = YES;
				GCC_WARN_UNUSED_VARIABLE = YES;
				IPHONEOS_DEPLOYMENT_TARGET = 13.2;
				MTL_ENABLE_DEBUG_INFO = NO;
				MTL_FAST_MATH = YES;
				SDKROOT = iphoneos;
				SWIFT_COMPILATION_MODE = wholemodule;
				SWIFT_OPTIMIZATION_LEVEL = "-O";
				VALIDATE_PRODUCT = YES;
			};
			name = Release;
		};
		BE2D78F3246556A700CBCC9A /* Debug */ = {
			isa = XCBuildConfiguration;
			baseConfigurationReference = FB23A710EE2A54E5A3697F64 /* Pods-SwiftSyft-Background.debug.xcconfig */;
			buildSettings = {
				ASSETCATALOG_COMPILER_APPICON_NAME = AppIcon;
				CODE_SIGN_STYLE = Automatic;
				DEVELOPMENT_TEAM = L937FJ9Y4F;
				INFOPLIST_FILE = "SwiftSyft-Background/Info.plist";
				LD_RUNPATH_SEARCH_PATHS = (
					"$(inherited)",
					"@executable_path/Frameworks",
				);
				PRODUCT_BUNDLE_IDENTIFIER = "com.openmined.SwiftSyft-Background";
				PRODUCT_NAME = "$(TARGET_NAME)";
				SWIFT_VERSION = 5.0;
				TARGETED_DEVICE_FAMILY = "1,2";
			};
			name = Debug;
		};
		BE2D78F4246556A700CBCC9A /* Release */ = {
			isa = XCBuildConfiguration;
			baseConfigurationReference = EE87355EF82A7E3557B508E3 /* Pods-SwiftSyft-Background.release.xcconfig */;
			buildSettings = {
				ASSETCATALOG_COMPILER_APPICON_NAME = AppIcon;
				CODE_SIGN_STYLE = Automatic;
				DEVELOPMENT_TEAM = L937FJ9Y4F;
				INFOPLIST_FILE = "SwiftSyft-Background/Info.plist";
				LD_RUNPATH_SEARCH_PATHS = (
					"$(inherited)",
					"@executable_path/Frameworks",
				);
				PRODUCT_BUNDLE_IDENTIFIER = "com.openmined.SwiftSyft-Background";
				PRODUCT_NAME = "$(TARGET_NAME)";
				SWIFT_VERSION = 5.0;
				TARGETED_DEVICE_FAMILY = "1,2";
			};
			name = Release;
		};
/* End XCBuildConfiguration section */

/* Begin XCConfigurationList section */
		BE2D78D9246556A500CBCC9A /* Build configuration list for PBXProject "SwiftSyft-Background" */ = {
			isa = XCConfigurationList;
			buildConfigurations = (
				BE2D78F0246556A700CBCC9A /* Debug */,
				BE2D78F1246556A700CBCC9A /* Release */,
			);
			defaultConfigurationIsVisible = 0;
			defaultConfigurationName = Release;
		};
		BE2D78F2246556A700CBCC9A /* Build configuration list for PBXNativeTarget "SwiftSyft-Background" */ = {
			isa = XCConfigurationList;
			buildConfigurations = (
				BE2D78F3246556A700CBCC9A /* Debug */,
				BE2D78F4246556A700CBCC9A /* Release */,
			);
			defaultConfigurationIsVisible = 0;
			defaultConfigurationName = Release;
		};
/* End XCConfigurationList section */
	};
	rootObject = BE2D78D6246556A500CBCC9A /* Project object */;
}
