<?xml version="1.0" encoding="UTF-8"?>
<Scheme
   LastUpgradeVersion = "1210"
   version = "1.3">
   <BuildAction
      parallelizeBuildables = "YES"
      buildImplicitDependencies = "YES">
      <BuildActionEntries>
         <BuildActionEntry
            buildForTesting = "YES"
            buildForRunning = "YES"
            buildForProfiling = "YES"
            buildForArchiving = "YES"
            buildForAnalyzing = "YES">
            <BuildableReference
               BuildableIdentifier = "primary"
               BlueprintIdentifier = "607FACCF1AFB9204008FA782"
               BuildableName = "SwiftSyft_Example.app"
               BlueprintName = "SwiftSyft_Example"
               ReferencedContainer = "container:SwiftSyft.xcodeproj">
            </BuildableReference>
         </BuildActionEntry>
         <BuildActionEntry
            buildForTesting = "YES"
            buildForRunning = "YES"
            buildForProfiling = "NO"
            buildForArchiving = "NO"
            buildForAnalyzing = "YES">
            <BuildableReference
               BuildableIdentifier = "primary"
               BlueprintIdentifier = "607FACE41AFB9204008FA782"
               BuildableName = "SwiftSyft_Tests.xctest"
               BlueprintName = "SwiftSyft_Tests"
               ReferencedContainer = "container:SwiftSyft.xcodeproj">
            </BuildableReference>
         </BuildActionEntry>
         <BuildActionEntry
            buildForTesting = "YES"
            buildForRunning = "YES"
            buildForProfiling = "NO"
            buildForArchiving = "NO"
            buildForAnalyzing = "YES">
            <BuildableReference
               BuildableIdentifier = "primary"
               BlueprintIdentifier = "7A7F2EE98B0DF16CF0A3FD5DE5FECB4A"
               BuildableName = "SwiftSyft-Unit-Tests.xctest"
               BlueprintName = "SwiftSyft-Unit-Tests"
               ReferencedContainer = "container:../Pods/Pods.xcodeproj">
            </BuildableReference>
         </BuildActionEntry>
      </BuildActionEntries>
   </BuildAction>
   <TestAction
      buildConfiguration = "Debug"
      selectedDebuggerIdentifier = "Xcode.DebuggerFoundation.Debugger.LLDB"
      selectedLauncherIdentifier = "Xcode.DebuggerFoundation.Launcher.LLDB"
      shouldUseLaunchSchemeArgsEnv = "YES"
      codeCoverageEnabled = "YES"
      onlyGenerateCoverageForSpecifiedTargets = "YES">
      <MacroExpansion>
         <BuildableReference
            BuildableIdentifier = "primary"
            BlueprintIdentifier = "607FACCF1AFB9204008FA782"
            BuildableName = "SwiftSyft_Example.app"
            BlueprintName = "SwiftSyft_Example"
            ReferencedContainer = "container:SwiftSyft.xcodeproj">
         </BuildableReference>
      </MacroExpansion>
      <CodeCoverageTargets>
         <BuildableReference
            BuildableIdentifier = "primary"
            BlueprintIdentifier = "2D5A6AF628AF6E47ABD60798349E5620"
            BuildableName = "libSwiftSyft.a"
            BlueprintName = "SwiftSyft"
            ReferencedContainer = "container:../Pods/Pods.xcodeproj">
         </BuildableReference>
      </CodeCoverageTargets>
      <Testables>
         <TestableReference
            skipped = "YES">
            <BuildableReference
               BuildableIdentifier = "primary"
               BlueprintIdentifier = "607FACE41AFB9204008FA782"
               BuildableName = "SwiftSyft_Tests.xctest"
               BlueprintName = "SwiftSyft_Tests"
               ReferencedContainer = "container:SwiftSyft.xcodeproj">
            </BuildableReference>
         </TestableReference>
         <TestableReference
            skipped = "NO">
            <BuildableReference
               BuildableIdentifier = "primary"
               BlueprintIdentifier = "CC7DD5E16FD32D85A43ED117F38C298D"
               BuildableName = "OpenMinedSwiftSyft-Unit-Tests.xctest"
               BlueprintName = "OpenMinedSwiftSyft-Unit-Tests"
               ReferencedContainer = "container:../Pods/Pods.xcodeproj">
            </BuildableReference>
            <SkippedTests>
               <Test
                  Identifier = "CycleRequestTests/testCycleAccepted()">
               </Test>
               <Test
                  Identifier = "JobTests/testChargeandWifi()">
               </Test>
               <Test
                  Identifier = "JobTests/testModelDiffReport()">
               </Test>
               <Test
                  Identifier = "JobTests/testMultipleJobCompletes()">
               </Test>
               <Test
                  Identifier = "JobTests/testOneJobCompletes()">
               </Test>
            </SkippedTests>
         </TestableReference>
      </Testables>
   </TestAction>
   <LaunchAction
      buildConfiguration = "Debug"
      selectedDebuggerIdentifier = "Xcode.DebuggerFoundation.Debugger.LLDB"
      selectedLauncherIdentifier = "Xcode.DebuggerFoundation.Launcher.LLDB"
      launchStyle = "0"
      useCustomWorkingDirectory = "NO"
      ignoresPersistentStateOnLaunch = "NO"
      debugDocumentVersioning = "YES"
      debugServiceExtension = "internal"
      allowLocationSimulation = "YES">
      <BuildableProductRunnable
         runnableDebuggingMode = "0">
         <BuildableReference
            BuildableIdentifier = "primary"
            BlueprintIdentifier = "607FACCF1AFB9204008FA782"
            BuildableName = "SwiftSyft_Example.app"
            BlueprintName = "SwiftSyft_Example"
            ReferencedContainer = "container:SwiftSyft.xcodeproj">
         </BuildableReference>
      </BuildableProductRunnable>
   </LaunchAction>
   <ProfileAction
      buildConfiguration = "Release"
      shouldUseLaunchSchemeArgsEnv = "YES"
      savedToolIdentifier = ""
      useCustomWorkingDirectory = "NO"
      debugDocumentVersioning = "YES">
      <BuildableProductRunnable
         runnableDebuggingMode = "0">
         <BuildableReference
            BuildableIdentifier = "primary"
            BlueprintIdentifier = "607FACCF1AFB9204008FA782"
            BuildableName = "SwiftSyft_Example.app"
            BlueprintName = "SwiftSyft_Example"
            ReferencedContainer = "container:SwiftSyft.xcodeproj">
         </BuildableReference>
      </BuildableProductRunnable>
   </ProfileAction>
   <AnalyzeAction
      buildConfiguration = "Debug">
   </AnalyzeAction>
   <ArchiveAction
      buildConfiguration = "Release"
      revealArchiveInOrganizer = "YES">
   </ArchiveAction>
</Scheme>
